Microsoft Visual Studio Solution File, Format Version 12.00
# Visual Studio Version 17
VisualStudioVersion = 17.5.2.0
MinimumVisualStudioVersion = 10.0.40219.1
Project("{FAE04EC0-301F-11D3-BF4B-00C04F79EFBC}") = "UmbMetrics", "UmbMetrics.csproj", "{B89FD6E9-9E18-3422-BE13-9D65CDFBD736}"
EndProject
Global
	GlobalSection(SolutionConfigurationPlatforms) = preSolution
		Debug|Any CPU = Debug|Any CPU
		Release|Any CPU = Release|Any CPU
	EndGlobalSection
	GlobalSection(ProjectConfigurationPlatforms) = postSolution
		{B89FD6E9-9E18-3422-BE13-9D65CDFBD736}.Debug|Any CPU.ActiveCfg = Debug|Any CPU
		{B89FD6E9-9E18-3422-BE13-9D65CDFBD736}.Debug|Any CPU.Build.0 = Debug|Any CPU
		{B89FD6E9-9E18-3422-BE13-9D65CDFBD736}.Release|Any CPU.ActiveCfg = Release|Any CPU
		{B89FD6E9-9E18-3422-BE13-9D65CDFBD736}.Release|Any CPU.Build.0 = Release|Any CPU
	EndGlobalSection
	GlobalSection(SolutionProperties) = preSolution
		HideSolutionNode = FALSE
	EndGlobalSection
	GlobalSection(ExtensibilityGlobals) = postSolution
		SolutionGuid = {D51AE60B-BD64-4C05-9CCF-8B3B39C22CC0}
	EndGlobalSection
EndGlobal
